
Microsoft Visual Studio Solution File, Format Version 12.00
# Visual Studio 14
VisualStudioVersion = 14.0.23107.0
MinimumVisualStudioVersion = 10.0.40219.1
Project("{FAE04EC0-301F-11D3-BF4B-00C04F79EFBC}") = "PrimeNumbers.BusinessLogic", "PrimeNumbers.BusinessLogic\PrimeNumbers.BusinessLogic.csproj", "{DD2F4C2B-D3B8-43FF-9CDF-4DD9377C287D}"
EndProject
Project("{FAE04EC0-301F-11D3-BF4B-00C04F79EFBC}") = "PrimeNumbers.UI.ConsoleApp", "PrimeNumbers.UI.ConsoleApp\PrimeNumbers.UI.ConsoleApp.csproj", "{6E788BE3-8441-4BF2-BFD6-63D76C453EDC}"
EndProject
Project("{2150E333-8FDC-42A3-9474-1A3956D46DE8}") = "Tests", "Tests", "{BD0CE806-B395-48EF-9B2F-66918FBC98AA}"
EndProject
Project("{FAE04EC0-301F-11D3-BF4B-00C04F79EFBC}") = "PrimeNumbers.Acceptance.Tests", "PrimeNumbers.Acceptance.Tests\PrimeNumbers.Acceptance.Tests.csproj", "{644E7CA8-A562-4F30-BEFD-975AEB1A0312}"
EndProject
Project("{FAE04EC0-301F-11D3-BF4B-00C04F79EFBC}") = "PrimeNumbers.Unit.Tests", "PrimeNumbers.Unit.Tests\PrimeNumbers.Unit.Tests.csproj", "{E0766E17-829A-49A8-B405-E44F9D680613}"
EndProject
Project("{2150E333-8FDC-42A3-9474-1A3956D46DE8}") = "Solution Items", "Solution Items", "{3386E73F-08AC-4E86-A62A-36CCE6847E17}"
	ProjectSection(SolutionItems) = preProject
		Readme.txt = Readme.txt
	EndProjectSection
EndProject
Project("{FAE04EC0-301F-11D3-BF4B-00C04F79EFBC}") = "PrimeNumbers.Integration.Tests", "PrimeNumbers.Integration.Tests\PrimeNumbers.Integration.Tests.csproj", "{069B6583-9A1F-4243-8880-4022A86F05BD}"
EndProject
Global
	GlobalSection(SolutionConfigurationPlatforms) = preSolution
		Debug|Any CPU = Debug|Any CPU
		Release|Any CPU = Release|Any CPU
	EndGlobalSection
	GlobalSection(ProjectConfigurationPlatforms) = postSolution
		{DD2F4C2B-D3B8-43FF-9CDF-4DD9377C287D}.Debug|Any CPU.ActiveCfg = Debug|Any CPU
		{DD2F4C2B-D3B8-43FF-9CDF-4DD9377C287D}.Debug|Any CPU.Build.0 = Debug|Any CPU
		{DD2F4C2B-D3B8-43FF-9CDF-4DD9377C287D}.Release|Any CPU.ActiveCfg = Release|Any CPU
		{DD2F4C2B-D3B8-43FF-9CDF-4DD9377C287D}.Release|Any CPU.Build.0 = Release|Any CPU
		{6E788BE3-8441-4BF2-BFD6-63D76C453EDC}.Debug|Any CPU.ActiveCfg = Debug|Any CPU
		{6E788BE3-8441-4BF2-BFD6-63D76C453EDC}.Debug|Any CPU.Build.0 = Debug|Any CPU
		{6E788BE3-8441-4BF2-BFD6-63D76C453EDC}.Release|Any CPU.ActiveCfg = Release|Any CPU
		{6E788BE3-8441-4BF2-BFD6-63D76C453EDC}.Release|Any CPU.Build.0 = Release|Any CPU
		{644E7CA8-A562-4F30-BEFD-975AEB1A0312}.Debug|Any CPU.ActiveCfg = Debug|Any CPU
		{644E7CA8-A562-4F30-BEFD-975AEB1A0312}.Debug|Any CPU.Build.0 = Debug|Any CPU
		{644E7CA8-A562-4F30-BEFD-975AEB1A0312}.Release|Any CPU.ActiveCfg = Release|Any CPU
		{644E7CA8-A562-4F30-BEFD-975AEB1A0312}.Release|Any CPU.Build.0 = Release|Any CPU
		{E0766E17-829A-49A8-B405-E44F9D680613}.Debug|Any CPU.ActiveCfg = Debug|Any CPU
		{E0766E17-829A-49A8-B405-E44F9D680613}.Debug|Any CPU.Build.0 = Debug|Any CPU
		{E0766E17-829A-49A8-B405-E44F9D680613}.Release|Any CPU.ActiveCfg = Release|Any CPU
		{E0766E17-829A-49A8-B405-E44F9D680613}.Release|Any CPU.Build.0 = Release|Any CPU
		{069B6583-9A1F-4243-8880-4022A86F05BD}.Debug|Any CPU.ActiveCfg = Debug|Any CPU
		{069B6583-9A1F-4243-8880-4022A86F05BD}.Debug|Any CPU.Build.0 = Debug|Any CPU
		{069B6583-9A1F-4243-8880-4022A86F05BD}.Release|Any CPU.ActiveCfg = Release|Any CPU
		{069B6583-9A1F-4243-8880-4022A86F05BD}.Release|Any CPU.Build.0 = Release|Any CPU
	EndGlobalSection
	GlobalSection(SolutionProperties) = preSolution
		HideSolutionNode = FALSE
	EndGlobalSection
	GlobalSection(NestedProjects) = preSolution
		{644E7CA8-A562-4F30-BEFD-975AEB1A0312} = {BD0CE806-B395-48EF-9B2F-66918FBC98AA}
		{E0766E17-829A-49A8-B405-E44F9D680613} = {BD0CE806-B395-48EF-9B2F-66918FBC98AA}
	EndGlobalSection
EndGlobal
